
Microsoft Visual Studio Solution File, Format Version 12.00
# Visual Studio 14
VisualStudioVersion = 14.0.25420.1
MinimumVisualStudioVersion = 10.0.40219.1
Project("{FAE04EC0-301F-11D3-BF4B-00C04F79EFBC}") = "DiskInfo", "DiskInfo\DiskInfo.csproj", "{999FAA0B-90F6-4DFA-8EAD-D98974FD14F3}"
EndProject
Project("{FAE04EC0-301F-11D3-BF4B-00C04F79EFBC}") = "DiskInfoHost", "DiskInfoHost\DiskInfoHost.csproj", "{92BA8853-D396-40D2-BD90-F26E75DCDB97}"
EndProject
Global
	GlobalSection(SolutionConfigurationPlatforms) = preSolution
		Debug|Any CPU = Debug|Any CPU
		Release|Any CPU = Release|Any CPU
	EndGlobalSection
	GlobalSection(ProjectConfigurationPlatforms) = postSolution
		{999FAA0B-90F6-4DFA-8EAD-D98974FD14F3}.Debug|Any CPU.ActiveCfg = Debug|Any CPU
		{999FAA0B-90F6-4DFA-8EAD-D98974FD14F3}.Debug|Any CPU.Build.0 = Debug|Any CPU
		{999FAA0B-90F6-4DFA-8EAD-D98974FD14F3}.Release|Any CPU.ActiveCfg = Release|Any CPU
		{999FAA0B-90F6-4DFA-8EAD-D98974FD14F3}.Release|Any CPU.Build.0 = Release|Any CPU
		{92BA8853-D396-40D2-BD90-F26E75DCDB97}.Debug|Any CPU.ActiveCfg = Debug|Any CPU
		{92BA8853-D396-40D2-BD90-F26E75DCDB97}.Debug|Any CPU.Build.0 = Debug|Any CPU
		{92BA8853-D396-40D2-BD90-F26E75DCDB97}.Release|Any CPU.ActiveCfg = Release|Any CPU
		{92BA8853-D396-40D2-BD90-F26E75DCDB97}.Release|Any CPU.Build.0 = Release|Any CPU
	EndGlobalSection
	GlobalSection(SolutionProperties) = preSolution
		HideSolutionNode = FALSE
	EndGlobalSection
EndGlobal
