
Microsoft Visual Studio Solution File, Format Version 12.00
# Visual Studio 15
VisualStudioVersion = 15.0.26403.0
MinimumVisualStudioVersion = 10.0.40219.1
Project("{FAE04EC0-301F-11D3-BF4B-00C04F79EFBC}") = "WS", "WS\WS.csproj", "{03F59C76-0023-4AEA-8FD0-A82CD9E5941E}"
EndProject
Project("{FAE04EC0-301F-11D3-BF4B-00C04F79EFBC}") = "Library", "Library\Library.csproj", "{B6AEFE5D-ED80-4C50-8FEF-496C7BD57125}"
EndProject
Project("{FAE04EC0-301F-11D3-BF4B-00C04F79EFBC}") = "Client", "Client\Client.csproj", "{53C32E65-BEF6-4BF5-A297-EEB0AEC0BE74}"
EndProject
Global
	GlobalSection(SolutionConfigurationPlatforms) = preSolution
		Debug|Any CPU = Debug|Any CPU
		Release|Any CPU = Release|Any CPU
	EndGlobalSection
	GlobalSection(ProjectConfigurationPlatforms) = postSolution
		{03F59C76-0023-4AEA-8FD0-A82CD9E5941E}.Debug|Any CPU.ActiveCfg = Debug|Any CPU
		{03F59C76-0023-4AEA-8FD0-A82CD9E5941E}.Debug|Any CPU.Build.0 = Debug|Any CPU
		{03F59C76-0023-4AEA-8FD0-A82CD9E5941E}.Release|Any CPU.ActiveCfg = Release|Any CPU
		{03F59C76-0023-4AEA-8FD0-A82CD9E5941E}.Release|Any CPU.Build.0 = Release|Any CPU
		{B6AEFE5D-ED80-4C50-8FEF-496C7BD57125}.Debug|Any CPU.ActiveCfg = Debug|Any CPU
		{B6AEFE5D-ED80-4C50-8FEF-496C7BD57125}.Debug|Any CPU.Build.0 = Debug|Any CPU
		{B6AEFE5D-ED80-4C50-8FEF-496C7BD57125}.Release|Any CPU.ActiveCfg = Release|Any CPU
		{B6AEFE5D-ED80-4C50-8FEF-496C7BD57125}.Release|Any CPU.Build.0 = Release|Any CPU
		{53C32E65-BEF6-4BF5-A297-EEB0AEC0BE74}.Debug|Any CPU.ActiveCfg = Debug|Any CPU
		{53C32E65-BEF6-4BF5-A297-EEB0AEC0BE74}.Debug|Any CPU.Build.0 = Debug|Any CPU
		{53C32E65-BEF6-4BF5-A297-EEB0AEC0BE74}.Release|Any CPU.ActiveCfg = Release|Any CPU
		{53C32E65-BEF6-4BF5-A297-EEB0AEC0BE74}.Release|Any CPU.Build.0 = Release|Any CPU
	EndGlobalSection
	GlobalSection(SolutionProperties) = preSolution
		HideSolutionNode = FALSE
	EndGlobalSection
EndGlobal
