
Microsoft Visual Studio Solution File, Format Version 12.00
# Visual Studio 15
VisualStudioVersion = 15.0.26403.3
MinimumVisualStudioVersion = 10.0.40219.1
Project("{FAE04EC0-301F-11D3-BF4B-00C04F79EFBC}") = "Homework1", "Homework1\Homework1.csproj", "{C14EF12F-E26B-42C5-B5FE-356381BACF01}"
EndProject
Project("{FAE04EC0-301F-11D3-BF4B-00C04F79EFBC}") = "DiskInfoLibrary", "DiskInfoLibrary\DiskInfoLibrary.csproj", "{1E744C66-B94B-4D43-BBB5-EBBFC40B1724}"
EndProject
Project("{FAE04EC0-301F-11D3-BF4B-00C04F79EFBC}") = "DiskInfoClient", "DiskInfoClient\DiskInfoClient.csproj", "{A4BBE329-6C5F-4651-94F1-DA13C4F042D9}"
EndProject
Global
	GlobalSection(SolutionConfigurationPlatforms) = preSolution
		Debug|Any CPU = Debug|Any CPU
		Release|Any CPU = Release|Any CPU
	EndGlobalSection
	GlobalSection(ProjectConfigurationPlatforms) = postSolution
		{C14EF12F-E26B-42C5-B5FE-356381BACF01}.Debug|Any CPU.ActiveCfg = Debug|Any CPU
		{C14EF12F-E26B-42C5-B5FE-356381BACF01}.Debug|Any CPU.Build.0 = Debug|Any CPU
		{C14EF12F-E26B-42C5-B5FE-356381BACF01}.Release|Any CPU.ActiveCfg = Release|Any CPU
		{C14EF12F-E26B-42C5-B5FE-356381BACF01}.Release|Any CPU.Build.0 = Release|Any CPU
		{1E744C66-B94B-4D43-BBB5-EBBFC40B1724}.Debug|Any CPU.ActiveCfg = Debug|Any CPU
		{1E744C66-B94B-4D43-BBB5-EBBFC40B1724}.Debug|Any CPU.Build.0 = Debug|Any CPU
		{1E744C66-B94B-4D43-BBB5-EBBFC40B1724}.Release|Any CPU.ActiveCfg = Release|Any CPU
		{1E744C66-B94B-4D43-BBB5-EBBFC40B1724}.Release|Any CPU.Build.0 = Release|Any CPU
		{A4BBE329-6C5F-4651-94F1-DA13C4F042D9}.Debug|Any CPU.ActiveCfg = Debug|Any CPU
		{A4BBE329-6C5F-4651-94F1-DA13C4F042D9}.Debug|Any CPU.Build.0 = Debug|Any CPU
		{A4BBE329-6C5F-4651-94F1-DA13C4F042D9}.Release|Any CPU.ActiveCfg = Release|Any CPU
		{A4BBE329-6C5F-4651-94F1-DA13C4F042D9}.Release|Any CPU.Build.0 = Release|Any CPU
	EndGlobalSection
	GlobalSection(SolutionProperties) = preSolution
		HideSolutionNode = FALSE
	EndGlobalSection
EndGlobal
