
Microsoft Visual Studio Solution File, Format Version 12.00
# Visual Studio 15
VisualStudioVersion = 15.0.26403.7
MinimumVisualStudioVersion = 10.0.40219.1
Project("{FAE04EC0-301F-11D3-BF4B-00C04F79EFBC}") = "WFCl", "WFCl\WFCl.csproj", "{3CDCAAFB-F1A6-4F9A-9FD4-F723D9C6DFCF}"
	ProjectSection(ProjectDependencies) = postProject
		{EFEC5C66-C930-4E50-B28E-085E57AD421F} = {EFEC5C66-C930-4E50-B28E-085E57AD421F}
	EndProjectSection
EndProject
Project("{FAE04EC0-301F-11D3-BF4B-00C04F79EFBC}") = "WcfServiceLibrary", "WcfServiceLibrary\WcfServiceLibrary.csproj", "{EFEC5C66-C930-4E50-B28E-085E57AD421F}"
EndProject
Global
	GlobalSection(SolutionConfigurationPlatforms) = preSolution
		Debug|Any CPU = Debug|Any CPU
		Release|Any CPU = Release|Any CPU
	EndGlobalSection
	GlobalSection(ProjectConfigurationPlatforms) = postSolution
		{3CDCAAFB-F1A6-4F9A-9FD4-F723D9C6DFCF}.Debug|Any CPU.ActiveCfg = Debug|Any CPU
		{3CDCAAFB-F1A6-4F9A-9FD4-F723D9C6DFCF}.Debug|Any CPU.Build.0 = Debug|Any CPU
		{3CDCAAFB-F1A6-4F9A-9FD4-F723D9C6DFCF}.Release|Any CPU.ActiveCfg = Release|Any CPU
		{3CDCAAFB-F1A6-4F9A-9FD4-F723D9C6DFCF}.Release|Any CPU.Build.0 = Release|Any CPU
		{EFEC5C66-C930-4E50-B28E-085E57AD421F}.Debug|Any CPU.ActiveCfg = Debug|Any CPU
		{EFEC5C66-C930-4E50-B28E-085E57AD421F}.Debug|Any CPU.Build.0 = Debug|Any CPU
		{EFEC5C66-C930-4E50-B28E-085E57AD421F}.Release|Any CPU.ActiveCfg = Release|Any CPU
		{EFEC5C66-C930-4E50-B28E-085E57AD421F}.Release|Any CPU.Build.0 = Release|Any CPU
	EndGlobalSection
	GlobalSection(SolutionProperties) = preSolution
		HideSolutionNode = FALSE
	EndGlobalSection
EndGlobal
